
Microsoft Visual Studio Solution File, Format Version 11.00
# Visual Studio 2010
Project("{FAE04EC0-301F-11D3-BF4B-00C04F79EFBC}") = "CRC16", "WindowsFormsApplication1\CRC16.csproj", "{F8277998-50A3-4BA9-8329-98CAECCFD186}"
EndProject
Global
	GlobalSection(SolutionConfigurationPlatforms) = preSolution
		Debug|x86 = Debug|x86
		Release|x86 = Release|x86
	EndGlobalSection
	GlobalSection(ProjectConfigurationPlatforms) = postSolution
		{F8277998-50A3-4BA9-8329-98CAECCFD186}.Debug|x86.ActiveCfg = Debug|x86
		{F8277998-50A3-4BA9-8329-98CAECCFD186}.Debug|x86.Build.0 = Debug|x86
		{F8277998-50A3-4BA9-8329-98CAECCFD186}.Release|x86.ActiveCfg = Release|x86
		{F8277998-50A3-4BA9-8329-98CAECCFD186}.Release|x86.Build.0 = Release|x86
	EndGlobalSection
	GlobalSection(SolutionProperties) = preSolution
		HideSolutionNode = FALSE
	EndGlobalSection
EndGlobal
